
Microsoft Visual Studio Solution File, Format Version 12.00
# Visual Studio Version 16
VisualStudioVersion = 16.0.32228.343
MinimumVisualStudioVersion = 10.0.40219.1
Project("{FAE04EC0-301F-11D3-BF4B-00C04F79EFBC}") = "InvestmentPortfolioConsume", "InvestmentPortfolioConsume\InvestmentPortfolioConsume.csproj", "{6644F560-1D19-4AD1-8089-A0AFFD073AB5}"
EndProject
Project("{FAE04EC0-301F-11D3-BF4B-00C04F79EFBC}") = "Lib.Core", "Lib.Core\Lib.Core.csproj", "{08097AF4-DE92-47E6-979B-6B70EB5B1BE6}"
EndProject
Project("{FAE04EC0-301F-11D3-BF4B-00C04F79EFBC}") = "Lib.Service", "Lib.Service\Lib.Service.csproj", "{BCD6AF3B-9D83-463B-B4BC-7930FFF5526C}"
EndProject
Global
	GlobalSection(SolutionConfigurationPlatforms) = preSolution
		Debug|Any CPU = Debug|Any CPU
		Release|Any CPU = Release|Any CPU
	EndGlobalSection
	GlobalSection(ProjectConfigurationPlatforms) = postSolution
		{6644F560-1D19-4AD1-8089-A0AFFD073AB5}.Debug|Any CPU.ActiveCfg = Debug|Any CPU
		{6644F560-1D19-4AD1-8089-A0AFFD073AB5}.Debug|Any CPU.Build.0 = Debug|Any CPU
		{6644F560-1D19-4AD1-8089-A0AFFD073AB5}.Release|Any CPU.ActiveCfg = Release|Any CPU
		{6644F560-1D19-4AD1-8089-A0AFFD073AB5}.Release|Any CPU.Build.0 = Release|Any CPU
		{08097AF4-DE92-47E6-979B-6B70EB5B1BE6}.Debug|Any CPU.ActiveCfg = Debug|Any CPU
		{08097AF4-DE92-47E6-979B-6B70EB5B1BE6}.Debug|Any CPU.Build.0 = Debug|Any CPU
		{08097AF4-DE92-47E6-979B-6B70EB5B1BE6}.Release|Any CPU.ActiveCfg = Release|Any CPU
		{08097AF4-DE92-47E6-979B-6B70EB5B1BE6}.Release|Any CPU.Build.0 = Release|Any CPU
		{BCD6AF3B-9D83-463B-B4BC-7930FFF5526C}.Debug|Any CPU.ActiveCfg = Debug|Any CPU
		{BCD6AF3B-9D83-463B-B4BC-7930FFF5526C}.Debug|Any CPU.Build.0 = Debug|Any CPU
		{BCD6AF3B-9D83-463B-B4BC-7930FFF5526C}.Release|Any CPU.ActiveCfg = Release|Any CPU
		{BCD6AF3B-9D83-463B-B4BC-7930FFF5526C}.Release|Any CPU.Build.0 = Release|Any CPU
	EndGlobalSection
	GlobalSection(SolutionProperties) = preSolution
		HideSolutionNode = FALSE
	EndGlobalSection
	GlobalSection(ExtensibilityGlobals) = postSolution
		SolutionGuid = {7B678766-C44B-4B43-9A3F-17BF5C3E8DE5}
	EndGlobalSection
EndGlobal
